
Microsoft Visual Studio Solution File, Format Version 12.00
# Visual Studio Version 16
VisualStudioVersion = 16.0.29806.167
MinimumVisualStudioVersion = 10.0.40219.1
Project("{9A19103F-16F7-4668-BE54-9A1E7A4F7556}") = "ActiveSports", "ActiveSports\ActiveSports.csproj", "{5C97CBA3-EEE4-493B-9D33-AFE3A2BB5D5E}"
EndProject
Project("{9A19103F-16F7-4668-BE54-9A1E7A4F7556}") = "ActiveSports.Test", "ActiveSportsTest\ActiveSports.Test.csproj", "{02F66EA7-EDF1-48BF-96B8-CE0C9AB400A1}"
EndProject
Project("{2150E333-8FDC-42A3-9474-1A3956D46DE8}") = "Solution Items", "Solution Items", "{E47F5AF2-CB70-4A4C-91C3-6B8221A353F1}"
	ProjectSection(SolutionItems) = preProject
		.gitignore = .gitignore
	EndProjectSection
EndProject
Global
	GlobalSection(SolutionConfigurationPlatforms) = preSolution
		Debug|Any CPU = Debug|Any CPU
		Release|Any CPU = Release|Any CPU
	EndGlobalSection
	GlobalSection(ProjectConfigurationPlatforms) = postSolution
		{5C97CBA3-EEE4-493B-9D33-AFE3A2BB5D5E}.Debug|Any CPU.ActiveCfg = Debug|Any CPU
		{5C97CBA3-EEE4-493B-9D33-AFE3A2BB5D5E}.Debug|Any CPU.Build.0 = Debug|Any CPU
		{5C97CBA3-EEE4-493B-9D33-AFE3A2BB5D5E}.Release|Any CPU.ActiveCfg = Release|Any CPU
		{5C97CBA3-EEE4-493B-9D33-AFE3A2BB5D5E}.Release|Any CPU.Build.0 = Release|Any CPU
		{02F66EA7-EDF1-48BF-96B8-CE0C9AB400A1}.Debug|Any CPU.ActiveCfg = Debug|Any CPU
		{02F66EA7-EDF1-48BF-96B8-CE0C9AB400A1}.Debug|Any CPU.Build.0 = Debug|Any CPU
		{02F66EA7-EDF1-48BF-96B8-CE0C9AB400A1}.Release|Any CPU.ActiveCfg = Release|Any CPU
		{02F66EA7-EDF1-48BF-96B8-CE0C9AB400A1}.Release|Any CPU.Build.0 = Release|Any CPU
	EndGlobalSection
	GlobalSection(SolutionProperties) = preSolution
		HideSolutionNode = FALSE
	EndGlobalSection
	GlobalSection(ExtensibilityGlobals) = postSolution
		SolutionGuid = {0CF5A374-945A-40FB-B0A5-D4F56CE8FAC0}
	EndGlobalSection
EndGlobal
